<Solution>
  <Folder Name="/source/">
    <Project Path="source/TimeWarp.Jaribu/TimeWarp.Jaribu.csproj" />
    <Project Path="source/TimeWarp.Jaribu.TestingPlatform/TimeWarp.Jaribu.TestingPlatform.csproj" />
  </Folder>
  <Folder Name="/Tests/">
    <Project Path="Tests/timewarp-jaribu/multi-file-runners/mtp-runner/TimeWarp.Jaribu.Tests.Mtp.csproj" />
    <Project Path="Tests/TimeWarp.Jaribu.MtpValidation/TimeWarp.Jaribu.MtpValidation.csproj" />
  </Folder>
</Solution>
